
Microsoft Visual Studio Solution File, Format Version 12.00
# Visual Studio Version 16
VisualStudioVersion = 16.0.31321.278
MinimumVisualStudioVersion = 10.0.40219.1
Project("{FAE04EC0-301F-11D3-BF4B-00C04F79EFBC}") = "Operator.Exc", "Operator.Exc.csproj", "{2A247304-107F-4839-836D-601A08F9751B}"
EndProject
Global
	GlobalSection(SolutionConfigurationPlatforms) = preSolution
		Debug|Any CPU = Debug|Any CPU
		Release|Any CPU = Release|Any CPU
	EndGlobalSection
	GlobalSection(ProjectConfigurationPlatforms) = postSolution
		{2A247304-107F-4839-836D-601A08F9751B}.Debug|Any CPU.ActiveCfg = Debug|Any CPU
		{2A247304-107F-4839-836D-601A08F9751B}.Debug|Any CPU.Build.0 = Debug|Any CPU
		{2A247304-107F-4839-836D-601A08F9751B}.Release|Any CPU.ActiveCfg = Release|Any CPU
		{2A247304-107F-4839-836D-601A08F9751B}.Release|Any CPU.Build.0 = Release|Any CPU
	EndGlobalSection
	GlobalSection(SolutionProperties) = preSolution
		HideSolutionNode = FALSE
	EndGlobalSection
	GlobalSection(ExtensibilityGlobals) = postSolution
		SolutionGuid = {F672D65E-BD65-4B5D-BDD2-594BF395C435}
	EndGlobalSection
EndGlobal
